
Microsoft Visual Studio Solution File, Format Version 12.00
# Visual Studio 2012
Project("{FAE04EC0-301F-11D3-BF4B-00C04F79EFBC}") = "AudioVisualizer", "AudioVisualizer\AudioVisualizer.csproj", "{C08F35F4-EABC-4E26-966D-924559981E28}"
EndProject
Project("{FAE04EC0-301F-11D3-BF4B-00C04F79EFBC}") = "AudioProcessor", "AudioProcessor\AudioProcessor.csproj", "{C81D4566-E5B3-4466-8DCC-E5DEF5A5B695}"
EndProject
Project("{FAE04EC0-301F-11D3-BF4B-00C04F79EFBC}") = "AudioProcessorTest", "AudioProcessorTest\AudioProcessorTest.csproj", "{9AC2860B-E797-4C2A-8B1A-0C5CFF007FDF}"
EndProject
Project("{2150E333-8FDC-42A3-9474-1A3956D46DE8}") = "Tests", "Tests", "{F1D7BE0E-F5C8-4F74-A634-D884A5A92BFF}"
EndProject
Project("{2150E333-8FDC-42A3-9474-1A3956D46DE8}") = "Core", "Core", "{55F10FC6-6358-4126-A9C1-1AB1F6F9F931}"
EndProject
Global
	GlobalSection(SolutionConfigurationPlatforms) = preSolution
		Debug|Any CPU = Debug|Any CPU
		Debug|Mixed Platforms = Debug|Mixed Platforms
		Debug|x86 = Debug|x86
		Release|Any CPU = Release|Any CPU
		Release|Mixed Platforms = Release|Mixed Platforms
		Release|x86 = Release|x86
	EndGlobalSection
	GlobalSection(ProjectConfigurationPlatforms) = postSolution
		{C08F35F4-EABC-4E26-966D-924559981E28}.Debug|Any CPU.ActiveCfg = Debug|x86
		{C08F35F4-EABC-4E26-966D-924559981E28}.Debug|Mixed Platforms.ActiveCfg = Debug|x86
		{C08F35F4-EABC-4E26-966D-924559981E28}.Debug|Mixed Platforms.Build.0 = Debug|x86
		{C08F35F4-EABC-4E26-966D-924559981E28}.Debug|x86.ActiveCfg = Debug|x86
		{C08F35F4-EABC-4E26-966D-924559981E28}.Debug|x86.Build.0 = Debug|x86
		{C08F35F4-EABC-4E26-966D-924559981E28}.Release|Any CPU.ActiveCfg = Release|x86
		{C08F35F4-EABC-4E26-966D-924559981E28}.Release|Mixed Platforms.ActiveCfg = Release|x86
		{C08F35F4-EABC-4E26-966D-924559981E28}.Release|Mixed Platforms.Build.0 = Release|x86
		{C08F35F4-EABC-4E26-966D-924559981E28}.Release|x86.ActiveCfg = Release|x86
		{C08F35F4-EABC-4E26-966D-924559981E28}.Release|x86.Build.0 = Release|x86
		{C81D4566-E5B3-4466-8DCC-E5DEF5A5B695}.Debug|Any CPU.ActiveCfg = Debug|Any CPU
		{C81D4566-E5B3-4466-8DCC-E5DEF5A5B695}.Debug|Any CPU.Build.0 = Debug|Any CPU
		{C81D4566-E5B3-4466-8DCC-E5DEF5A5B695}.Debug|Mixed Platforms.ActiveCfg = Debug|Any CPU
		{C81D4566-E5B3-4466-8DCC-E5DEF5A5B695}.Debug|Mixed Platforms.Build.0 = Debug|Any CPU
		{C81D4566-E5B3-4466-8DCC-E5DEF5A5B695}.Debug|x86.ActiveCfg = Debug|Any CPU
		{C81D4566-E5B3-4466-8DCC-E5DEF5A5B695}.Release|Any CPU.ActiveCfg = Release|Any CPU
		{C81D4566-E5B3-4466-8DCC-E5DEF5A5B695}.Release|Any CPU.Build.0 = Release|Any CPU
		{C81D4566-E5B3-4466-8DCC-E5DEF5A5B695}.Release|Mixed Platforms.ActiveCfg = Release|Any CPU
		{C81D4566-E5B3-4466-8DCC-E5DEF5A5B695}.Release|Mixed Platforms.Build.0 = Release|Any CPU
		{C81D4566-E5B3-4466-8DCC-E5DEF5A5B695}.Release|x86.ActiveCfg = Release|Any CPU
		{9AC2860B-E797-4C2A-8B1A-0C5CFF007FDF}.Debug|Any CPU.ActiveCfg = Debug|Any CPU
		{9AC2860B-E797-4C2A-8B1A-0C5CFF007FDF}.Debug|Any CPU.Build.0 = Debug|Any CPU
		{9AC2860B-E797-4C2A-8B1A-0C5CFF007FDF}.Debug|Mixed Platforms.ActiveCfg = Debug|Any CPU
		{9AC2860B-E797-4C2A-8B1A-0C5CFF007FDF}.Debug|Mixed Platforms.Build.0 = Debug|Any CPU
		{9AC2860B-E797-4C2A-8B1A-0C5CFF007FDF}.Debug|x86.ActiveCfg = Debug|Any CPU
		{9AC2860B-E797-4C2A-8B1A-0C5CFF007FDF}.Release|Any CPU.ActiveCfg = Release|Any CPU
		{9AC2860B-E797-4C2A-8B1A-0C5CFF007FDF}.Release|Any CPU.Build.0 = Release|Any CPU
		{9AC2860B-E797-4C2A-8B1A-0C5CFF007FDF}.Release|Mixed Platforms.ActiveCfg = Release|Any CPU
		{9AC2860B-E797-4C2A-8B1A-0C5CFF007FDF}.Release|Mixed Platforms.Build.0 = Release|Any CPU
		{9AC2860B-E797-4C2A-8B1A-0C5CFF007FDF}.Release|x86.ActiveCfg = Release|Any CPU
	EndGlobalSection
	GlobalSection(SolutionProperties) = preSolution
		HideSolutionNode = FALSE
	EndGlobalSection
	GlobalSection(NestedProjects) = preSolution
		{9AC2860B-E797-4C2A-8B1A-0C5CFF007FDF} = {F1D7BE0E-F5C8-4F74-A634-D884A5A92BFF}
		{C81D4566-E5B3-4466-8DCC-E5DEF5A5B695} = {55F10FC6-6358-4126-A9C1-1AB1F6F9F931}
	EndGlobalSection
EndGlobal
